
Microsoft Visual Studio Solution File, Format Version 12.00
# Visual Studio 2013
VisualStudioVersion = 12.0.30501.0
MinimumVisualStudioVersion = 10.0.40219.1
Project("{FAE04EC0-301F-11D3-BF4B-00C04F79EFBC}") = "Luaan.Networking1.Server", "Luaan.Networking1.Server\Luaan.Networking1.Server.csproj", "{2F4BF18D-EBE2-4851-85AE-2A267220211A}"
EndProject
Project("{FAE04EC0-301F-11D3-BF4B-00C04F79EFBC}") = "Luaan.Networking1.Client", "Luaan.Networking1.Client\Luaan.Networking1.Client.csproj", "{96A46482-0AB7-42FD-B687-51B329DD1E0E}"
EndProject
Global
	GlobalSection(SolutionConfigurationPlatforms) = preSolution
		Debug|Any CPU = Debug|Any CPU
		Release|Any CPU = Release|Any CPU
	EndGlobalSection
	GlobalSection(ProjectConfigurationPlatforms) = postSolution
		{2F4BF18D-EBE2-4851-85AE-2A267220211A}.Debug|Any CPU.ActiveCfg = Debug|Any CPU
		{2F4BF18D-EBE2-4851-85AE-2A267220211A}.Debug|Any CPU.Build.0 = Debug|Any CPU
		{2F4BF18D-EBE2-4851-85AE-2A267220211A}.Release|Any CPU.ActiveCfg = Release|Any CPU
		{2F4BF18D-EBE2-4851-85AE-2A267220211A}.Release|Any CPU.Build.0 = Release|Any CPU
		{96A46482-0AB7-42FD-B687-51B329DD1E0E}.Debug|Any CPU.ActiveCfg = Debug|Any CPU
		{96A46482-0AB7-42FD-B687-51B329DD1E0E}.Debug|Any CPU.Build.0 = Debug|Any CPU
		{96A46482-0AB7-42FD-B687-51B329DD1E0E}.Release|Any CPU.ActiveCfg = Release|Any CPU
		{96A46482-0AB7-42FD-B687-51B329DD1E0E}.Release|Any CPU.Build.0 = Release|Any CPU
	EndGlobalSection
	GlobalSection(SolutionProperties) = preSolution
		HideSolutionNode = FALSE
	EndGlobalSection
EndGlobal
